
Microsoft Visual Studio Solution File, Format Version 12.00
# Visual Studio Version 17
VisualStudioVersion = 17.6.33801.468
MinimumVisualStudioVersion = 10.0.40219.1
Project("{FAE04EC0-301F-11D3-BF4B-00C04F79EFBC}") = "Sub9PAW", "Sub9PAW.csproj", "{32DA4349-B4E8-4C15-A29F-2A7105675EFF}"
EndProject
Global
	GlobalSection(SolutionConfigurationPlatforms) = preSolution
		Debug|Any CPU = Debug|Any CPU
		Release|Any CPU = Release|Any CPU
	EndGlobalSection
	GlobalSection(ProjectConfigurationPlatforms) = postSolution
		{32DA4349-B4E8-4C15-A29F-2A7105675EFF}.Debug|Any CPU.ActiveCfg = Debug|Any CPU
		{32DA4349-B4E8-4C15-A29F-2A7105675EFF}.Debug|Any CPU.Build.0 = Debug|Any CPU
		{32DA4349-B4E8-4C15-A29F-2A7105675EFF}.Release|Any CPU.ActiveCfg = Release|Any CPU
		{32DA4349-B4E8-4C15-A29F-2A7105675EFF}.Release|Any CPU.Build.0 = Release|Any CPU
	EndGlobalSection
	GlobalSection(SolutionProperties) = preSolution
		HideSolutionNode = FALSE
	EndGlobalSection
	GlobalSection(ExtensibilityGlobals) = postSolution
		SolutionGuid = {F47B0870-CA13-45B7-A399-889E27B793BF}
	EndGlobalSection
EndGlobal
