
Microsoft Visual Studio Solution File, Format Version 12.00
# Visual Studio Version 17
VisualStudioVersion = 17.6.33801.468
MinimumVisualStudioVersion = 10.0.40219.1
Project("{FAE04EC0-301F-11D3-BF4B-00C04F79EFBC}") = "Sub8PAW", "Sub8PAW.csproj", "{91EAA411-0733-47FC-8B22-8E4EAA6AA465}"
EndProject
Global
	GlobalSection(SolutionConfigurationPlatforms) = preSolution
		Debug|Any CPU = Debug|Any CPU
		Release|Any CPU = Release|Any CPU
	EndGlobalSection
	GlobalSection(ProjectConfigurationPlatforms) = postSolution
		{91EAA411-0733-47FC-8B22-8E4EAA6AA465}.Debug|Any CPU.ActiveCfg = Debug|Any CPU
		{91EAA411-0733-47FC-8B22-8E4EAA6AA465}.Debug|Any CPU.Build.0 = Debug|Any CPU
		{91EAA411-0733-47FC-8B22-8E4EAA6AA465}.Release|Any CPU.ActiveCfg = Release|Any CPU
		{91EAA411-0733-47FC-8B22-8E4EAA6AA465}.Release|Any CPU.Build.0 = Release|Any CPU
	EndGlobalSection
	GlobalSection(SolutionProperties) = preSolution
		HideSolutionNode = FALSE
	EndGlobalSection
	GlobalSection(ExtensibilityGlobals) = postSolution
		SolutionGuid = {28FAB532-AD3F-4347-A712-1891AB250B59}
	EndGlobalSection
EndGlobal
